{
	"name": "@monorepo/build-scripts",
	"version": "1.0.0",
	"lockfileVersion": 1,
	"requires": true,
	"dependencies": {
		"@rushstack/node-core-library": {
			"version": "3.42.2",
			"resolved": "https://registry.npmjs.org/@rushstack/node-core-library/-/node-core-library-3.42.2.tgz",
			"integrity": "sha512-LJ52CiiWxKpzejYACqphQQ3geWZFt5gswki8+0sMl8qZ08YCHbqlS3N+sMZpuBEwLWvBYfq/d3IvtdLT3zI2UA==",
			"requires": {
				"@types/node": "12.20.24",
				"colors": "~1.2.1",
				"fs-extra": "~7.0.1",
				"import-lazy": "~4.0.0",
				"jju": "~1.4.0",
				"resolve": "~1.17.0",
				"semver": "~7.3.0",
				"timsort": "~0.3.0",
				"z-schema": "~3.18.3"
			},
			"dependencies": {
				"@types/node": {
					"version": "12.20.24",
					"resolved": "https://registry.npmjs.org/@types/node/-/node-12.20.24.tgz",
					"integrity": "sha512-yxDeaQIAJlMav7fH5AQqPH1u8YIuhYJXYBzxaQ4PifsU0GDO38MSdmEDeRlIxrKbC6NbEaaEHDanWb+y30U8SQ=="
				}
			}
		},
		"@types/node": {
			"version": "16.10.4",
			"resolved": "https://registry.npmjs.org/@types/node/-/node-16.10.4.tgz",
			"integrity": "sha512-EITwVTX5B4nDjXjGeQAfXOrm+Jn+qNjDmyDRtWoD+wZsl/RDPRTFRKivs4Mt74iOFlLOrE5+Kf+p5yjyhm3+cA==",
			"dev": true
		},
		"colors": {
			"version": "1.2.5",
			"resolved": "https://registry.npmjs.org/colors/-/colors-1.2.5.tgz",
			"integrity": "sha512-erNRLao/Y3Fv54qUa0LBB+//Uf3YwMUmdJinN20yMXm9zdKKqH9wt7R9IIVZ+K7ShzfpLV/Zg8+VyrBJYB4lpg=="
		},
		"commander": {
			"version": "2.20.3",
			"resolved": "https://registry.npmjs.org/commander/-/commander-2.20.3.tgz",
			"integrity": "sha512-GpVkmM8vF2vQUkj2LvZmD35JxeJOLCwJ9cUkugyk2nuhbv3+mJvpLYYt+0+USMxE+oj+ey/lJEnhZw75x/OMcQ==",
			"optional": true
		},
		"fs-extra": {
			"version": "7.0.1",
			"resolved": "https://registry.npmjs.org/fs-extra/-/fs-extra-7.0.1.tgz",
			"integrity": "sha512-YJDaCJZEnBmcbw13fvdAM9AwNOJwOzrE4pqMqBq5nFiEqXUqHwlK4B+3pUw6JNvfSPtX05xFHtYy/1ni01eGCw==",
			"requires": {
				"graceful-fs": "^4.1.2",
				"jsonfile": "^4.0.0",
				"universalify": "^0.1.0"
			}
		},
		"graceful-fs": {
			"version": "4.2.8",
			"resolved": "https://registry.npmjs.org/graceful-fs/-/graceful-fs-4.2.8.tgz",
			"integrity": "sha512-qkIilPUYcNhJpd33n0GBXTB1MMPp14TxEsEs0pTrsSVucApsYzW5V+Q8Qxhik6KU3evy+qkAAowTByymK0avdg=="
		},
		"import-lazy": {
			"version": "4.0.0",
			"resolved": "https://registry.npmjs.org/import-lazy/-/import-lazy-4.0.0.tgz",
			"integrity": "sha512-rKtvo6a868b5Hu3heneU+L4yEQ4jYKLtjpnPeUdK7h0yzXGmyBTypknlkCvHFBqfX9YlorEiMM6Dnq/5atfHkw=="
		},
		"jju": {
			"version": "1.4.0",
			"resolved": "https://registry.npmjs.org/jju/-/jju-1.4.0.tgz",
			"integrity": "sha1-o6vicYryQaKykE+EpiWXDzia4yo="
		},
		"jsonfile": {
			"version": "4.0.0",
			"resolved": "https://registry.npmjs.org/jsonfile/-/jsonfile-4.0.0.tgz",
			"integrity": "sha1-h3Gq4HmbZAdrdmQPygWPnBDjPss=",
			"requires": {
				"graceful-fs": "^4.1.6"
			}
		},
		"lodash.get": {
			"version": "4.4.2",
			"resolved": "https://registry.npmjs.org/lodash.get/-/lodash.get-4.4.2.tgz",
			"integrity": "sha1-LRd/ZS+jHpObRDjVNBSZ36OCXpk="
		},
		"lodash.isequal": {
			"version": "4.5.0",
			"resolved": "https://registry.npmjs.org/lodash.isequal/-/lodash.isequal-4.5.0.tgz",
			"integrity": "sha1-QVxEePK8wwEgwizhDtMib30+GOA="
		},
		"lru-cache": {
			"version": "6.0.0",
			"resolved": "https://registry.npmjs.org/lru-cache/-/lru-cache-6.0.0.tgz",
			"integrity": "sha512-Jo6dJ04CmSjuznwJSS3pUeWmd/H0ffTlkXXgwZi+eq1UCmqQwCh+eLsYOYCwY991i2Fah4h1BEMCx4qThGbsiA==",
			"requires": {
				"yallist": "^4.0.0"
			}
		},
		"path-parse": {
			"version": "1.0.7",
			"resolved": "https://registry.npmjs.org/path-parse/-/path-parse-1.0.7.tgz",
			"integrity": "sha512-LDJzPVEEEPR+y48z93A0Ed0yXb8pAByGWo/k5YYdYgpY2/2EsOsksJrq7lOHxryrVOn1ejG6oAp8ahvOIQD8sw=="
		},
		"resolve": {
			"version": "1.17.0",
			"resolved": "https://registry.npmjs.org/resolve/-/resolve-1.17.0.tgz",
			"integrity": "sha512-ic+7JYiV8Vi2yzQGFWOkiZD5Z9z7O2Zhm9XMaTxdJExKasieFCr+yXZ/WmXsckHiKl12ar0y6XiXDx3m4RHn1w==",
			"requires": {
				"path-parse": "^1.0.6"
			}
		},
		"semver": {
			"version": "7.3.5",
			"resolved": "https://registry.npmjs.org/semver/-/semver-7.3.5.tgz",
			"integrity": "sha512-PoeGJYh8HK4BTO/a9Tf6ZG3veo/A7ZVsYrSA6J8ny9nb3B1VrpkuN+z9OE5wfE5p6H4LchYZsegiQgbJD94ZFQ==",
			"requires": {
				"lru-cache": "^6.0.0"
			}
		},
		"timsort": {
			"version": "0.3.0",
			"resolved": "https://registry.npmjs.org/timsort/-/timsort-0.3.0.tgz",
			"integrity": "sha1-QFQRqOfmM5/mTbmiNN4R3DHgK9Q="
		},
		"typescript": {
			"version": "4.4.4",
			"resolved": "https://registry.npmjs.org/typescript/-/typescript-4.4.4.tgz",
			"integrity": "sha512-DqGhF5IKoBl8WNf8C1gu8q0xZSInh9j1kJJMqT3a94w1JzVaBU4EXOSMrz9yDqMT0xt3selp83fuFMQ0uzv6qA=="
		},
		"universalify": {
			"version": "0.1.2",
			"resolved": "https://registry.npmjs.org/universalify/-/universalify-0.1.2.tgz",
			"integrity": "sha512-rBJeI5CXAlmy1pV+617WB9J63U6XcazHHF2f2dbJix4XzpUF0RS3Zbj0FGIOCAva5P/d/GBOYaACQ1w+0azUkg=="
		},
		"validator": {
			"version": "8.2.0",
			"resolved": "https://registry.npmjs.org/validator/-/validator-8.2.0.tgz",
			"integrity": "sha512-Yw5wW34fSv5spzTXNkokD6S6/Oq92d8q/t14TqsS3fAiA1RYnxSFSIZ+CY3n6PGGRCq5HhJTSepQvFUS2QUDxA=="
		},
		"yallist": {
			"version": "4.0.0",
			"resolved": "https://registry.npmjs.org/yallist/-/yallist-4.0.0.tgz",
			"integrity": "sha512-3wdGidZyq5PB084XLES5TpOSRA3wjXAlIWMhum2kRcv/41Sn2emQ0dycQW4uZXLejwKvg6EsvbdlVL+FYEct7A=="
		},
		"z-schema": {
			"version": "3.18.4",
			"resolved": "https://registry.npmjs.org/z-schema/-/z-schema-3.18.4.tgz",
			"integrity": "sha512-DUOKC/IhbkdLKKiV89gw9DUauTV8U/8yJl1sjf6MtDmzevLKOF2duNJ495S3MFVjqZarr+qNGCPbkg4mu4PpLw==",
			"requires": {
				"commander": "^2.7.1",
				"lodash.get": "^4.0.0",
				"lodash.isequal": "^4.0.0",
				"validator": "^8.0.0"
			}
		}
	}
}
